
Microsoft Visual Studio Solution File, Format Version 12.00
# Visual Studio 15
VisualStudioVersion = 15.0.27004.2005
MinimumVisualStudioVersion = 10.0.40219.1
Project("{FAE04EC0-301F-11D3-BF4B-00C04F79EFBC}") = "Maytech.Demo", "Maytech.Demo\Maytech.Demo.csproj", "{44DB8A09-0128-45A5-9DF0-F94828FAE922}"
EndProject
Project("{FAE04EC0-301F-11D3-BF4B-00C04F79EFBC}") = "Maytech", "..\..\Maytech\Maytech.csproj", "{D75E9261-ADAE-4E26-926A-C11586D16599}"
EndProject
Global
	GlobalSection(SolutionConfigurationPlatforms) = preSolution
		Debug|Any CPU = Debug|Any CPU
		Release|Any CPU = Release|Any CPU
	EndGlobalSection
	GlobalSection(ProjectConfigurationPlatforms) = postSolution
		{44DB8A09-0128-45A5-9DF0-F94828FAE922}.Debug|Any CPU.ActiveCfg = Debug|Any CPU
		{44DB8A09-0128-45A5-9DF0-F94828FAE922}.Debug|Any CPU.Build.0 = Debug|Any CPU
		{44DB8A09-0128-45A5-9DF0-F94828FAE922}.Release|Any CPU.ActiveCfg = Release|Any CPU
		{44DB8A09-0128-45A5-9DF0-F94828FAE922}.Release|Any CPU.Build.0 = Release|Any CPU
		{D75E9261-ADAE-4E26-926A-C11586D16599}.Debug|Any CPU.ActiveCfg = Debug|Any CPU
		{D75E9261-ADAE-4E26-926A-C11586D16599}.Debug|Any CPU.Build.0 = Debug|Any CPU
		{D75E9261-ADAE-4E26-926A-C11586D16599}.Release|Any CPU.ActiveCfg = Release|Any CPU
		{D75E9261-ADAE-4E26-926A-C11586D16599}.Release|Any CPU.Build.0 = Release|Any CPU
	EndGlobalSection
	GlobalSection(SolutionProperties) = preSolution
		HideSolutionNode = FALSE
	EndGlobalSection
	GlobalSection(ExtensibilityGlobals) = postSolution
		SolutionGuid = {F82CC083-4DE6-4F43-838F-713349E08CCB}
	EndGlobalSection
EndGlobal
